
Microsoft Visual Studio Solution File, Format Version 12.00
# Visual Studio Version 17
VisualStudioVersion = 17.0.31903.59
MinimumVisualStudioVersion = 10.0.40219.1
Project("{FAE04EC0-301F-11D3-BF4B-00C04F79EFBC}") = "arenda", "arenda\arenda.csproj", "{847D80C6-A6CB-49DE-89DC-506CE6F13616}"
EndProject
Global
	GlobalSection(SolutionConfigurationPlatforms) = preSolution
		Debug|Any CPU = Debug|Any CPU
		Release|Any CPU = Release|Any CPU
	EndGlobalSection
	GlobalSection(ProjectConfigurationPlatforms) = postSolution
		{847D80C6-A6CB-49DE-89DC-506CE6F13616}.Debug|Any CPU.ActiveCfg = Debug|Any CPU
		{847D80C6-A6CB-49DE-89DC-506CE6F13616}.Debug|Any CPU.Build.0 = Debug|Any CPU
		{847D80C6-A6CB-49DE-89DC-506CE6F13616}.Release|Any CPU.ActiveCfg = Release|Any CPU
		{847D80C6-A6CB-49DE-89DC-506CE6F13616}.Release|Any CPU.Build.0 = Release|Any CPU
	EndGlobalSection
	GlobalSection(SolutionProperties) = preSolution
		HideSolutionNode = FALSE
	EndGlobalSection
	GlobalSection(ExtensibilityGlobals) = postSolution
		SolutionGuid = {7555C392-8D8F-454E-84F5-99BA9FC35212}
	EndGlobalSection
EndGlobal
